
Microsoft Visual Studio Solution File, Format Version 12.00
# Visual Studio Version 17
VisualStudioVersion = 17.1.32319.34
MinimumVisualStudioVersion = 10.0.40219.1
Project("{9A19103F-16F7-4668-BE54-9A1E7A4F7556}") = "MyBlazorUiKit", "MyBlazorUiKit\MyBlazorUiKit.csproj", "{51110B72-FA0D-45B5-B8E8-4290E84E35E7}"
EndProject
Project("{9A19103F-16F7-4668-BE54-9A1E7A4F7556}") = "MyBlazorUiKit.Tests", "MyBlazorUiKit.Tests\MyBlazorUiKit.Tests.csproj", "{AABE8C9F-FA27-48E6-8FF2-7226AA0B17F4}"
EndProject
Project("{9A19103F-16F7-4668-BE54-9A1E7A4F7556}") = "MyBlazorApp", "MyBlazorApp\MyBlazorApp.csproj", "{7C7D7F45-90B7-4A6D-8A6B-864B87104FB6}"
EndProject
Project("{FAE04EC0-301F-11D3-BF4B-00C04F79EFBC}") = "MyBlazorApp.Tests", "MyBlazorApp.Tests\MyBlazorApp.Tests.csproj", "{E871452F-BB50-4C54-947E-9F45656D0250}"
EndProject
Project("{2150E333-8FDC-42A3-9474-1A3956D46DE8}") = "Tests", "Tests", "{EAEBFE52-6A6E-4E23-9D75-8F556FBFBD32}"
EndProject
Project("{2150E333-8FDC-42A3-9474-1A3956D46DE8}") = "Src", "Src", "{7B91938B-E9BD-422A-B349-F6F3FFAADF79}"
EndProject
Global
	GlobalSection(SolutionConfigurationPlatforms) = preSolution
		Debug|Any CPU = Debug|Any CPU
		Release|Any CPU = Release|Any CPU
	EndGlobalSection
	GlobalSection(ProjectConfigurationPlatforms) = postSolution
		{51110B72-FA0D-45B5-B8E8-4290E84E35E7}.Debug|Any CPU.ActiveCfg = Debug|Any CPU
		{51110B72-FA0D-45B5-B8E8-4290E84E35E7}.Debug|Any CPU.Build.0 = Debug|Any CPU
		{51110B72-FA0D-45B5-B8E8-4290E84E35E7}.Release|Any CPU.ActiveCfg = Release|Any CPU
		{51110B72-FA0D-45B5-B8E8-4290E84E35E7}.Release|Any CPU.Build.0 = Release|Any CPU
		{AABE8C9F-FA27-48E6-8FF2-7226AA0B17F4}.Debug|Any CPU.ActiveCfg = Debug|Any CPU
		{AABE8C9F-FA27-48E6-8FF2-7226AA0B17F4}.Debug|Any CPU.Build.0 = Debug|Any CPU
		{AABE8C9F-FA27-48E6-8FF2-7226AA0B17F4}.Release|Any CPU.ActiveCfg = Release|Any CPU
		{AABE8C9F-FA27-48E6-8FF2-7226AA0B17F4}.Release|Any CPU.Build.0 = Release|Any CPU
		{7C7D7F45-90B7-4A6D-8A6B-864B87104FB6}.Debug|Any CPU.ActiveCfg = Debug|Any CPU
		{7C7D7F45-90B7-4A6D-8A6B-864B87104FB6}.Debug|Any CPU.Build.0 = Debug|Any CPU
		{7C7D7F45-90B7-4A6D-8A6B-864B87104FB6}.Release|Any CPU.ActiveCfg = Release|Any CPU
		{7C7D7F45-90B7-4A6D-8A6B-864B87104FB6}.Release|Any CPU.Build.0 = Release|Any CPU
		{E871452F-BB50-4C54-947E-9F45656D0250}.Debug|Any CPU.ActiveCfg = Debug|Any CPU
		{E871452F-BB50-4C54-947E-9F45656D0250}.Debug|Any CPU.Build.0 = Debug|Any CPU
		{E871452F-BB50-4C54-947E-9F45656D0250}.Release|Any CPU.ActiveCfg = Release|Any CPU
		{E871452F-BB50-4C54-947E-9F45656D0250}.Release|Any CPU.Build.0 = Release|Any CPU
	EndGlobalSection
	GlobalSection(SolutionProperties) = preSolution
		HideSolutionNode = FALSE
	EndGlobalSection
	GlobalSection(NestedProjects) = preSolution
		{51110B72-FA0D-45B5-B8E8-4290E84E35E7} = {7B91938B-E9BD-422A-B349-F6F3FFAADF79}
		{AABE8C9F-FA27-48E6-8FF2-7226AA0B17F4} = {EAEBFE52-6A6E-4E23-9D75-8F556FBFBD32}
		{7C7D7F45-90B7-4A6D-8A6B-864B87104FB6} = {7B91938B-E9BD-422A-B349-F6F3FFAADF79}
		{E871452F-BB50-4C54-947E-9F45656D0250} = {EAEBFE52-6A6E-4E23-9D75-8F556FBFBD32}
	EndGlobalSection
	GlobalSection(ExtensibilityGlobals) = postSolution
		SolutionGuid = {9226E3A0-8221-4711-993D-2F457DF95289}
	EndGlobalSection
EndGlobal
